// !$*UTF8*$!
{
	archiveVersion = 1;
	classes = {
	};
	objectVersion = 56;
	objects = {

/* Begin PBXBuildFile section */
		A9C7BE642991497600A9BB5D /* AppDelegate.swift in Sources */ = {isa = PBXBuildFile; fileRef = A9C7BE632991497600A9BB5D /* AppDelegate.swift */; };
		A9C7BE662991497600A9BB5D /* SceneDelegate.swift in Sources */ = {isa = PBXBuildFile; fileRef = A9C7BE652991497600A9BB5D /* SceneDelegate.swift */; };
		A9C7BE682991497600A9BB5D /* TaskListViewController.swift in Sources */ = {isa = PBXBuildFile; fileRef = A9C7BE672991497600A9BB5D /* TaskListViewController.swift */; };
		A9C7BE6B2991497600A9BB5D /* Main.storyboard in Resources */ = {isa = PBXBuildFile; fileRef = A9C7BE692991497600A9BB5D /* Main.storyboard */; };
		A9C7BE6D2991497700A9BB5D /* Assets.xcassets in Resources */ = {isa = PBXBuildFile; fileRef = A9C7BE6C2991497700A9BB5D /* Assets.xcassets */; };
		A9C7BE702991497700A9BB5D /* LaunchScreen.storyboard in Resources */ = {isa = PBXBuildFile; fileRef = A9C7BE6E2991497700A9BB5D /* LaunchScreen.storyboard */; };
		A9C7BE7B2991497700A9BB5D /* TasksTDDTests.swift in Sources */ = {isa = PBXBuildFile; fileRef = A9C7BE7A2991497700A9BB5D /* TasksTDDTests.swift */; };
		A9C7BE852991497700A9BB5D /* TasksTDDUITests.swift in Sources */ = {isa = PBXBuildFile; fileRef = A9C7BE842991497700A9BB5D /* TasksTDDUITests.swift */; };
		A9C7BE872991497700A9BB5D /* TasksTDDUITestsLaunchTests.swift in Sources */ = {isa = PBXBuildFile; fileRef = A9C7BE862991497700A9BB5D /* TasksTDDUITestsLaunchTests.swift */; };
		A9C7BE98299149F900A9BB5D /* Task.swift in Sources */ = {isa = PBXBuildFile; fileRef = A9C7BE97299149F900A9BB5D /* Task.swift */; };
		A9C7BE9A29914B7400A9BB5D /* TaskTests.swift in Sources */ = {isa = PBXBuildFile; fileRef = A9C7BE9929914B7400A9BB5D /* TaskTests.swift */; };
		A9C7BE9D2991988E00A9BB5D /* Location.swift in Sources */ = {isa = PBXBuildFile; fileRef = A9C7BE9C2991988E00A9BB5D /* Location.swift */; };
		A9C7BE9F29919B4000A9BB5D /* LocationTests.swift in Sources */ = {isa = PBXBuildFile; fileRef = A9C7BE9E29919B4000A9BB5D /* LocationTests.swift */; };
		A9E5AF312997E5D300EBCBC8 /* TaskCellTests.swift in Sources */ = {isa = PBXBuildFile; fileRef = A9E5AF302997E5D300EBCBC8 /* TaskCellTests.swift */; };
		A9E86DB82992544800533B46 /* TaskManagerTests.swift in Sources */ = {isa = PBXBuildFile; fileRef = A9E86DB72992544800533B46 /* TaskManagerTests.swift */; };
		A9E86DBB299254AA00533B46 /* TaskManager.swift in Sources */ = {isa = PBXBuildFile; fileRef = A9E86DBA299254AA00533B46 /* TaskManager.swift */; };
		A9E86DBE2992786E00533B46 /* TaskListViewControllerTests.swift in Sources */ = {isa = PBXBuildFile; fileRef = A9E86DBD2992786E00533B46 /* TaskListViewControllerTests.swift */; };
		A9E86DC029927E5900533B46 /* DataProvider.swift in Sources */ = {isa = PBXBuildFile; fileRef = A9E86DBF29927E5900533B46 /* DataProvider.swift */; };
		A9E86DC22992866800533B46 /* DataProviderTests.swift in Sources */ = {isa = PBXBuildFile; fileRef = A9E86DC12992866800533B46 /* DataProviderTests.swift */; };
		A9E86DC4299291D300533B46 /* TaskCell.swift in Sources */ = {isa = PBXBuildFile; fileRef = A9E86DC3299291D300533B46 /* TaskCell.swift */; };
/* End PBXBuildFile section */

/* Begin PBXContainerItemProxy section */
		A9C7BE772991497700A9BB5D /* PBXContainerItemProxy */ = {
			isa = PBXContainerItemProxy;
			containerPortal = A9C7BE582991497600A9BB5D /* Project object */;
			proxyType = 1;
			remoteGlobalIDString = A9C7BE5F2991497600A9BB5D;
			remoteInfo = TasksTDD;
		};
		A9C7BE812991497700A9BB5D /* PBXContainerItemProxy */ = {
			isa = PBXContainerItemProxy;
			containerPortal = A9C7BE582991497600A9BB5D /* Project object */;
			proxyType = 1;
			remoteGlobalIDString = A9C7BE5F2991497600A9BB5D;
			remoteInfo = TasksTDD;
		};
/* End PBXContainerItemProxy section */

/* Begin PBXFileReference section */
		A9C7BE602991497600A9BB5D /* TasksTDD.app */ = {isa = PBXFileReference; explicitFileType = wrapper.application; includeInIndex = 0; path = TasksTDD.app; sourceTree = BUILT_PRODUCTS_DIR; };
		A9C7BE632991497600A9BB5D /* AppDelegate.swift */ = {isa = PBXFileReference; lastKnownFileType = sourcecode.swift; path = AppDelegate.swift; sourceTree = "<group>"; };
		A9C7BE652991497600A9BB5D /* SceneDelegate.swift */ = {isa = PBXFileReference; lastKnownFileType = sourcecode.swift; path = SceneDelegate.swift; sourceTree = "<group>"; };
		A9C7BE672991497600A9BB5D /* TaskListViewController.swift */ = {isa = PBXFileReference; lastKnownFileType = sourcecode.swift; path = TaskListViewController.swift; sourceTree = "<group>"; };
		A9C7BE6A2991497600A9BB5D /* Base */ = {isa = PBXFileReference; lastKnownFileType = file.storyboard; name = Base; path = Base.lproj/Main.storyboard; sourceTree = "<group>"; };
		A9C7BE6C2991497700A9BB5D /* Assets.xcassets */ = {isa = PBXFileReference; lastKnownFileType = folder.assetcatalog; path = Assets.xcassets; sourceTree = "<group>"; };
		A9C7BE6F2991497700A9BB5D /* Base */ = {isa = PBXFileReference; lastKnownFileType = file.storyboard; name = Base; path = Base.lproj/LaunchScreen.storyboard; sourceTree = "<group>"; };
		A9C7BE712991497700A9BB5D /* Info.plist */ = {isa = PBXFileReference; lastKnownFileType = text.plist.xml; path = Info.plist; sourceTree = "<group>"; };
		A9C7BE762991497700A9BB5D /* TasksTDDTests.xctest */ = {isa = PBXFileReference; explicitFileType = wrapper.cfbundle; includeInIndex = 0; path = TasksTDDTests.xctest; sourceTree = BUILT_PRODUCTS_DIR; };
		A9C7BE7A2991497700A9BB5D /* TasksTDDTests.swift */ = {isa = PBXFileReference; lastKnownFileType = sourcecode.swift; path = TasksTDDTests.swift; sourceTree = "<group>"; };
		A9C7BE802991497700A9BB5D /* TasksTDDUITests.xctest */ = {isa = PBXFileReference; explicitFileType = wrapper.cfbundle; includeInIndex = 0; path = TasksTDDUITests.xctest; sourceTree = BUILT_PRODUCTS_DIR; };
		A9C7BE842991497700A9BB5D /* TasksTDDUITests.swift */ = {isa = PBXFileReference; lastKnownFileType = sourcecode.swift; path = TasksTDDUITests.swift; sourceTree = "<group>"; };
		A9C7BE862991497700A9BB5D /* TasksTDDUITestsLaunchTests.swift */ = {isa = PBXFileReference; lastKnownFileType = sourcecode.swift; path = TasksTDDUITestsLaunchTests.swift; sourceTree = "<group>"; };
		A9C7BE97299149F900A9BB5D /* Task.swift */ = {isa = PBXFileReference; lastKnownFileType = sourcecode.swift; path = Task.swift; sourceTree = "<group>"; };
		A9C7BE9929914B7400A9BB5D /* TaskTests.swift */ = {isa = PBXFileReference; lastKnownFileType = sourcecode.swift; path = TaskTests.swift; sourceTree = "<group>"; };
		A9C7BE9C2991988E00A9BB5D /* Location.swift */ = {isa = PBXFileReference; lastKnownFileType = sourcecode.swift; path = Location.swift; sourceTree = "<group>"; };
		A9C7BE9E29919B4000A9BB5D /* LocationTests.swift */ = {isa = PBXFileReference; lastKnownFileType = sourcecode.swift; path = LocationTests.swift; sourceTree = "<group>"; };
		A9E5AF302997E5D300EBCBC8 /* TaskCellTests.swift */ = {isa = PBXFileReference; lastKnownFileType = sourcecode.swift; path = TaskCellTests.swift; sourceTree = "<group>"; };
		A9E86DB72992544800533B46 /* TaskManagerTests.swift */ = {isa = PBXFileReference; lastKnownFileType = sourcecode.swift; path = TaskManagerTests.swift; sourceTree = "<group>"; };
		A9E86DBA299254AA00533B46 /* TaskManager.swift */ = {isa = PBXFileReference; lastKnownFileType = sourcecode.swift; path = TaskManager.swift; sourceTree = "<group>"; };
		A9E86DBD2992786E00533B46 /* TaskListViewControllerTests.swift */ = {isa = PBXFileReference; lastKnownFileType = sourcecode.swift; path = TaskListViewControllerTests.swift; sourceTree = "<group>"; };
		A9E86DBF29927E5900533B46 /* DataProvider.swift */ = {isa = PBXFileReference; lastKnownFileType = sourcecode.swift; path = DataProvider.swift; sourceTree = "<group>"; };
		A9E86DC12992866800533B46 /* DataProviderTests.swift */ = {isa = PBXFileReference; lastKnownFileType = sourcecode.swift; path = DataProviderTests.swift; sourceTree = "<group>"; };
		A9E86DC3299291D300533B46 /* TaskCell.swift */ = {isa = PBXFileReference; lastKnownFileType = sourcecode.swift; path = TaskCell.swift; sourceTree = "<group>"; };
/* End PBXFileReference section */

/* Begin PBXFrameworksBuildPhase section */
		A9C7BE5D2991497600A9BB5D /* Frameworks */ = {
			isa = PBXFrameworksBuildPhase;
			buildActionMask = 2147483647;
			files = (
			);
			runOnlyForDeploymentPostprocessing = 0;
		};
		A9C7BE732991497700A9BB5D /* Frameworks */ = {
			isa = PBXFrameworksBuildPhase;
			buildActionMask = 2147483647;
			files = (
			);
			runOnlyForDeploymentPostprocessing = 0;
		};
		A9C7BE7D2991497700A9BB5D /* Frameworks */ = {
			isa = PBXFrameworksBuildPhase;
			buildActionMask = 2147483647;
			files = (
			);
			runOnlyForDeploymentPostprocessing = 0;
		};
/* End PBXFrameworksBuildPhase section */

/* Begin PBXGroup section */
		A9C7BE572991497600A9BB5D = {
			isa = PBXGroup;
			children = (
				A9C7BE622991497600A9BB5D /* TasksTDD */,
				A9C7BE792991497700A9BB5D /* TasksTDDTests */,
				A9C7BE832991497700A9BB5D /* TasksTDDUITests */,
				A9C7BE612991497600A9BB5D /* Products */,
			);
			sourceTree = "<group>";
		};
		A9C7BE612991497600A9BB5D /* Products */ = {
			isa = PBXGroup;
			children = (
				A9C7BE602991497600A9BB5D /* TasksTDD.app */,
				A9C7BE762991497700A9BB5D /* TasksTDDTests.xctest */,
				A9C7BE802991497700A9BB5D /* TasksTDDUITests.xctest */,
			);
			name = Products;
			sourceTree = "<group>";
		};
		A9C7BE622991497600A9BB5D /* TasksTDD */ = {
			isa = PBXGroup;
			children = (
				A9E86DB92992549C00533B46 /* Manager */,
				A9C7BE952991499300A9BB5D /* Controller */,
				A9C7BE942991498D00A9BB5D /* View */,
				A9C7BE932991498600A9BB5D /* Model */,
				A9C7BE96299149A000A9BB5D /* SupportingFiles */,
			);
			path = TasksTDD;
			sourceTree = "<group>";
		};
		A9C7BE792991497700A9BB5D /* TasksTDDTests */ = {
			isa = PBXGroup;
			children = (
				A9E5AF2F2997E5B400EBCBC8 /* View */,
				A9E86DBC2992783100533B46 /* Controller */,
				A9E86DB62992541F00533B46 /* Manager */,
				A9C7BE7A2991497700A9BB5D /* TasksTDDTests.swift */,
				A9C7BE9B29914B7B00A9BB5D /* Model */,
			);
			path = TasksTDDTests;
			sourceTree = "<group>";
		};
		A9C7BE832991497700A9BB5D /* TasksTDDUITests */ = {
			isa = PBXGroup;
			children = (
				A9C7BE842991497700A9BB5D /* TasksTDDUITests.swift */,
				A9C7BE862991497700A9BB5D /* TasksTDDUITestsLaunchTests.swift */,
			);
			path = TasksTDDUITests;
			sourceTree = "<group>";
		};
		A9C7BE932991498600A9BB5D /* Model */ = {
			isa = PBXGroup;
			children = (
				A9C7BE97299149F900A9BB5D /* Task.swift */,
				A9C7BE9C2991988E00A9BB5D /* Location.swift */,
			);
			path = Model;
			sourceTree = "<group>";
		};
		A9C7BE942991498D00A9BB5D /* View */ = {
			isa = PBXGroup;
			children = (
				A9E86DC3299291D300533B46 /* TaskCell.swift */,
			);
			path = View;
			sourceTree = "<group>";
		};
		A9C7BE952991499300A9BB5D /* Controller */ = {
			isa = PBXGroup;
			children = (
				A9C7BE672991497600A9BB5D /* TaskListViewController.swift */,
				A9E86DBF29927E5900533B46 /* DataProvider.swift */,
			);
			path = Controller;
			sourceTree = "<group>";
		};
		A9C7BE96299149A000A9BB5D /* SupportingFiles */ = {
			isa = PBXGroup;
			children = (
				A9C7BE632991497600A9BB5D /* AppDelegate.swift */,
				A9C7BE652991497600A9BB5D /* SceneDelegate.swift */,
				A9C7BE692991497600A9BB5D /* Main.storyboard */,
				A9C7BE6C2991497700A9BB5D /* Assets.xcassets */,
				A9C7BE6E2991497700A9BB5D /* LaunchScreen.storyboard */,
				A9C7BE712991497700A9BB5D /* Info.plist */,
			);
			path = SupportingFiles;
			sourceTree = "<group>";
		};
		A9C7BE9B29914B7B00A9BB5D /* Model */ = {
			isa = PBXGroup;
			children = (
				A9C7BE9929914B7400A9BB5D /* TaskTests.swift */,
				A9C7BE9E29919B4000A9BB5D /* LocationTests.swift */,
			);
			path = Model;
			sourceTree = "<group>";
		};
		A9E5AF2F2997E5B400EBCBC8 /* View */ = {
			isa = PBXGroup;
			children = (
				A9E5AF302997E5D300EBCBC8 /* TaskCellTests.swift */,
			);
			path = View;
			sourceTree = "<group>";
		};
		A9E86DB62992541F00533B46 /* Manager */ = {
			isa = PBXGroup;
			children = (
				A9E86DB72992544800533B46 /* TaskManagerTests.swift */,
			);
			path = Manager;
			sourceTree = "<group>";
		};
		A9E86DB92992549C00533B46 /* Manager */ = {
			isa = PBXGroup;
			children = (
				A9E86DBA299254AA00533B46 /* TaskManager.swift */,
			);
			path = Manager;
			sourceTree = "<group>";
		};
		A9E86DBC2992783100533B46 /* Controller */ = {
			isa = PBXGroup;
			children = (
				A9E86DBD2992786E00533B46 /* TaskListViewControllerTests.swift */,
				A9E86DC12992866800533B46 /* DataProviderTests.swift */,
			);
			path = Controller;
			sourceTree = "<group>";
		};
/* End PBXGroup section */

/* Begin PBXNativeTarget section */
		A9C7BE5F2991497600A9BB5D /* TasksTDD */ = {
			isa = PBXNativeTarget;
			buildConfigurationList = A9C7BE8A2991497700A9BB5D /* Build configuration list for PBXNativeTarget "TasksTDD" */;
			buildPhases = (
				A9C7BE5C2991497600A9BB5D /* Sources */,
				A9C7BE5D2991497600A9BB5D /* Frameworks */,
				A9C7BE5E2991497600A9BB5D /* Resources */,
			);
			buildRules = (
			);
			dependencies = (
			);
			name = TasksTDD;
			productName = TasksTDD;
			productReference = A9C7BE602991497600A9BB5D /* TasksTDD.app */;
			productType = "com.apple.product-type.application";
		};
		A9C7BE752991497700A9BB5D /* TasksTDDTests */ = {
			isa = PBXNativeTarget;
			buildConfigurationList = A9C7BE8D2991497700A9BB5D /* Build configuration list for PBXNativeTarget "TasksTDDTests" */;
			buildPhases = (
				A9C7BE722991497700A9BB5D /* Sources */,
				A9C7BE732991497700A9BB5D /* Frameworks */,
				A9C7BE742991497700A9BB5D /* Resources */,
			);
			buildRules = (
			);
			dependencies = (
				A9C7BE782991497700A9BB5D /* PBXTargetDependency */,
			);
			name = TasksTDDTests;
			productName = TasksTDDTests;
			productReference = A9C7BE762991497700A9BB5D /* TasksTDDTests.xctest */;
			productType = "com.apple.product-type.bundle.unit-test";
		};
		A9C7BE7F2991497700A9BB5D /* TasksTDDUITests */ = {
			isa = PBXNativeTarget;
			buildConfigurationList = A9C7BE902991497700A9BB5D /* Build configuration list for PBXNativeTarget "TasksTDDUITests" */;
			buildPhases = (
				A9C7BE7C2991497700A9BB5D /* Sources */,
				A9C7BE7D2991497700A9BB5D /* Frameworks */,
				A9C7BE7E2991497700A9BB5D /* Resources */,
			);
			buildRules = (
			);
			dependencies = (
				A9C7BE822991497700A9BB5D /* PBXTargetDependency */,
			);
			name = TasksTDDUITests;
			productName = TasksTDDUITests;
			productReference = A9C7BE802991497700A9BB5D /* TasksTDDUITests.xctest */;
			productType = "com.apple.product-type.bundle.ui-testing";
		};
/* End PBXNativeTarget section */

/* Begin PBXProject section */
		A9C7BE582991497600A9BB5D /* Project object */ = {
			isa = PBXProject;
			attributes = {
				BuildIndependentTargetsInParallel = 1;
				LastSwiftUpdateCheck = 1420;
				LastUpgradeCheck = 1420;
				TargetAttributes = {
					A9C7BE5F2991497600A9BB5D = {
						CreatedOnToolsVersion = 14.2;
					};
					A9C7BE752991497700A9BB5D = {
						CreatedOnToolsVersion = 14.2;
						TestTargetID = A9C7BE5F2991497600A9BB5D;
					};
					A9C7BE7F2991497700A9BB5D = {
						CreatedOnToolsVersion = 14.2;
						TestTargetID = A9C7BE5F2991497600A9BB5D;
					};
				};
			};
			buildConfigurationList = A9C7BE5B2991497600A9BB5D /* Build configuration list for PBXProject "TasksTDD" */;
			compatibilityVersion = "Xcode 14.0";
			developmentRegion = en;
			hasScannedForEncodings = 0;
			knownRegions = (
				en,
				Base,
			);
			mainGroup = A9C7BE572991497600A9BB5D;
			productRefGroup = A9C7BE612991497600A9BB5D /* Products */;
			projectDirPath = "";
			projectRoot = "";
			targets = (
				A9C7BE5F2991497600A9BB5D /* TasksTDD */,
				A9C7BE752991497700A9BB5D /* TasksTDDTests */,
				A9C7BE7F2991497700A9BB5D /* TasksTDDUITests */,
			);
		};
/* End PBXProject section */

/* Begin PBXResourcesBuildPhase section */
		A9C7BE5E2991497600A9BB5D /* Resources */ = {
			isa = PBXResourcesBuildPhase;
			buildActionMask = 2147483647;
			files = (
				A9C7BE702991497700A9BB5D /* LaunchScreen.storyboard in Resources */,
				A9C7BE6D2991497700A9BB5D /* Assets.xcassets in Resources */,
				A9C7BE6B2991497600A9BB5D /* Main.storyboard in Resources */,
			);
			runOnlyForDeploymentPostprocessing = 0;
		};
		A9C7BE742991497700A9BB5D /* Resources */ = {
			isa = PBXResourcesBuildPhase;
			buildActionMask = 2147483647;
			files = (
			);
			runOnlyForDeploymentPostprocessing = 0;
		};
		A9C7BE7E2991497700A9BB5D /* Resources */ = {
			isa = PBXResourcesBuildPhase;
			buildActionMask = 2147483647;
			files = (
			);
			runOnlyForDeploymentPostprocessing = 0;
		};
/* End PBXResourcesBuildPhase section */

/* Begin PBXSourcesBuildPhase section */
		A9C7BE5C2991497600A9BB5D /* Sources */ = {
			isa = PBXSourcesBuildPhase;
			buildActionMask = 2147483647;
			files = (
				A9E86DBB299254AA00533B46 /* TaskManager.swift in Sources */,
				A9C7BE98299149F900A9BB5D /* Task.swift in Sources */,
				A9C7BE682991497600A9BB5D /* TaskListViewController.swift in Sources */,
				A9E86DC029927E5900533B46 /* DataProvider.swift in Sources */,
				A9E86DC4299291D300533B46 /* TaskCell.swift in Sources */,
				A9C7BE9D2991988E00A9BB5D /* Location.swift in Sources */,
				A9C7BE642991497600A9BB5D /* AppDelegate.swift in Sources */,
				A9C7BE662991497600A9BB5D /* SceneDelegate.swift in Sources */,
			);
			runOnlyForDeploymentPostprocessing = 0;
		};
		A9C7BE722991497700A9BB5D /* Sources */ = {
			isa = PBXSourcesBuildPhase;
			buildActionMask = 2147483647;
			files = (
				A9C7BE9A29914B7400A9BB5D /* TaskTests.swift in Sources */,
				A9C7BE9F29919B4000A9BB5D /* LocationTests.swift in Sources */,
				A9E5AF312997E5D300EBCBC8 /* TaskCellTests.swift in Sources */,
				A9E86DC22992866800533B46 /* DataProviderTests.swift in Sources */,
				A9E86DB82992544800533B46 /* TaskManagerTests.swift in Sources */,
				A9C7BE7B2991497700A9BB5D /* TasksTDDTests.swift in Sources */,
				A9E86DBE2992786E00533B46 /* TaskListViewControllerTests.swift in Sources */,
			);
			runOnlyForDeploymentPostprocessing = 0;
		};
		A9C7BE7C2991497700A9BB5D /* Sources */ = {
			isa = PBXSourcesBuildPhase;
			buildActionMask = 2147483647;
			files = (
				A9C7BE872991497700A9BB5D /* TasksTDDUITestsLaunchTests.swift in Sources */,
				A9C7BE852991497700A9BB5D /* TasksTDDUITests.swift in Sources */,
			);
			runOnlyForDeploymentPostprocessing = 0;
		};
/* End PBXSourcesBuildPhase section */

/* Begin PBXTargetDependency section */
		A9C7BE782991497700A9BB5D /* PBXTargetDependency */ = {
			isa = PBXTargetDependency;
			target = A9C7BE5F2991497600A9BB5D /* TasksTDD */;
			targetProxy = A9C7BE772991497700A9BB5D /* PBXContainerItemProxy */;
		};
		A9C7BE822991497700A9BB5D /* PBXTargetDependency */ = {
			isa = PBXTargetDependency;
			target = A9C7BE5F2991497600A9BB5D /* TasksTDD */;
			targetProxy = A9C7BE812991497700A9BB5D /* PBXContainerItemProxy */;
		};
/* End PBXTargetDependency section */

/* Begin PBXVariantGroup section */
		A9C7BE692991497600A9BB5D /* Main.storyboard */ = {
			isa = PBXVariantGroup;
			children = (
				A9C7BE6A2991497600A9BB5D /* Base */,
			);
			name = Main.storyboard;
			sourceTree = "<group>";
		};
		A9C7BE6E2991497700A9BB5D /* LaunchScreen.storyboard */ = {
			isa = PBXVariantGroup;
			children = (
				A9C7BE6F2991497700A9BB5D /* Base */,
			);
			name = LaunchScreen.storyboard;
			sourceTree = "<group>";
		};
/* End PBXVariantGroup section */

/* Begin XCBuildConfiguration section */
		A9C7BE882991497700A9BB5D /* Debug */ = {
			isa = XCBuildConfiguration;
			buildSettings = {
				ALWAYS_SEARCH_USER_PATHS = NO;
				CLANG_ANALYZER_NONNULL = YES;
				CLANG_ANALYZER_NUMBER_OBJECT_CONVERSION = YES_AGGRESSIVE;
				CLANG_CXX_LANGUAGE_STANDARD = "gnu++20";
				CLANG_ENABLE_MODULES = YES;
				CLANG_ENABLE_OBJC_ARC = YES;
				CLANG_ENABLE_OBJC_WEAK = YES;
				CLANG_WARN_BLOCK_CAPTURE_AUTORELEASING = YES;
				CLANG_WARN_BOOL_CONVERSION = YES;
				CLANG_WARN_COMMA = YES;
				CLANG_WARN_CONSTANT_CONVERSION = YES;
				CLANG_WARN_DEPRECATED_OBJC_IMPLEMENTATIONS = YES;
				CLANG_WARN_DIRECT_OBJC_ISA_USAGE = YES_ERROR;
				CLANG_WARN_DOCUMENTATION_COMMENTS = YES;
				CLANG_WARN_EMPTY_BODY = YES;
				CLANG_WARN_ENUM_CONVERSION = YES;
				CLANG_WARN_INFINITE_RECURSION = YES;
				CLANG_WARN_INT_CONVERSION = YES;
				CLANG_WARN_NON_LITERAL_NULL_CONVERSION = YES;
				CLANG_WARN_OBJC_IMPLICIT_RETAIN_SELF = YES;
				CLANG_WARN_OBJC_LITERAL_CONVERSION = YES;
				CLANG_WARN_OBJC_ROOT_CLASS = YES_ERROR;
				CLANG_WARN_QUOTED_INCLUDE_IN_FRAMEWORK_HEADER = YES;
				CLANG_WARN_RANGE_LOOP_ANALYSIS = YES;
				CLANG_WARN_STRICT_PROTOTYPES = YES;
				CLANG_WARN_SUSPICIOUS_MOVE = YES;
				CLANG_WARN_UNGUARDED_AVAILABILITY = YES_AGGRESSIVE;
				CLANG_WARN_UNREACHABLE_CODE = YES;
				CLANG_WARN__DUPLICATE_METHOD_MATCH = YES;
				COPY_PHASE_STRIP = NO;
				DEBUG_INFORMATION_FORMAT = dwarf;
				ENABLE_STRICT_OBJC_MSGSEND = YES;
				ENABLE_TESTABILITY = YES;
				GCC_C_LANGUAGE_STANDARD = gnu11;
				GCC_DYNAMIC_NO_PIC = NO;
				GCC_NO_COMMON_BLOCKS = YES;
				GCC_OPTIMIZATION_LEVEL = 0;
				GCC_PREPROCESSOR_DEFINITIONS = (
					"DEBUG=1",
					"$(inherited)",
				);
				GCC_WARN_64_TO_32_BIT_CONVERSION = YES;
				GCC_WARN_ABOUT_RETURN_TYPE = YES_ERROR;
				GCC_WARN_UNDECLARED_SELECTOR = YES;
				GCC_WARN_UNINITIALIZED_AUTOS = YES_AGGRESSIVE;
				GCC_WARN_UNUSED_FUNCTION = YES;
				GCC_WARN_UNUSED_VARIABLE = YES;
				IPHONEOS_DEPLOYMENT_TARGET = 16.2;
				MTL_ENABLE_DEBUG_INFO = INCLUDE_SOURCE;
				MTL_FAST_MATH = YES;
				ONLY_ACTIVE_ARCH = YES;
				SDKROOT = iphoneos;
				SWIFT_ACTIVE_COMPILATION_CONDITIONS = DEBUG;
				SWIFT_OPTIMIZATION_LEVEL = "-Onone";
			};
			name = Debug;
		};
		A9C7BE892991497700A9BB5D /* Release */ = {
			isa = XCBuildConfiguration;
			buildSettings = {
				ALWAYS_SEARCH_USER_PATHS = NO;
				CLANG_ANALYZER_NONNULL = YES;
				CLANG_ANALYZER_NUMBER_OBJECT_CONVERSION = YES_AGGRESSIVE;
				CLANG_CXX_LANGUAGE_STANDARD = "gnu++20";
				CLANG_ENABLE_MODULES = YES;
				CLANG_ENABLE_OBJC_ARC = YES;
				CLANG_ENABLE_OBJC_WEAK = YES;
				CLANG_WARN_BLOCK_CAPTURE_AUTORELEASING = YES;
				CLANG_WARN_BOOL_CONVERSION = YES;
				CLANG_WARN_COMMA = YES;
				CLANG_WARN_CONSTANT_CONVERSION = YES;
				CLANG_WARN_DEPRECATED_OBJC_IMPLEMENTATIONS = YES;
				CLANG_WARN_DIRECT_OBJC_ISA_USAGE = YES_ERROR;
				CLANG_WARN_DOCUMENTATION_COMMENTS = YES;
				CLANG_WARN_EMPTY_BODY = YES;
				CLANG_WARN_ENUM_CONVERSION = YES;
				CLANG_WARN_INFINITE_RECURSION = YES;
				CLANG_WARN_INT_CONVERSION = YES;
				CLANG_WARN_NON_LITERAL_NULL_CONVERSION = YES;
				CLANG_WARN_OBJC_IMPLICIT_RETAIN_SELF = YES;
				CLANG_WARN_OBJC_LITERAL_CONVERSION = YES;
				CLANG_WARN_OBJC_ROOT_CLASS = YES_ERROR;
				CLANG_WARN_QUOTED_INCLUDE_IN_FRAMEWORK_HEADER = YES;
				CLANG_WARN_RANGE_LOOP_ANALYSIS = YES;
				CLANG_WARN_STRICT_PROTOTYPES = YES;
				CLANG_WARN_SUSPICIOUS_MOVE = YES;
				CLANG_WARN_UNGUARDED_AVAILABILITY = YES_AGGRESSIVE;
				CLANG_WARN_UNREACHABLE_CODE = YES;
				CLANG_WARN__DUPLICATE_METHOD_MATCH = YES;
				COPY_PHASE_STRIP = NO;
				DEBUG_INFORMATION_FORMAT = "dwarf-with-dsym";
				ENABLE_NS_ASSERTIONS = NO;
				ENABLE_STRICT_OBJC_MSGSEND = YES;
				GCC_C_LANGUAGE_STANDARD = gnu11;
				GCC_NO_COMMON_BLOCKS = YES;
				GCC_WARN_64_TO_32_BIT_CONVERSION = YES;
				GCC_WARN_ABOUT_RETURN_TYPE = YES_ERROR;
				GCC_WARN_UNDECLARED_SELECTOR = YES;
				GCC_WARN_UNINITIALIZED_AUTOS = YES_AGGRESSIVE;
				GCC_WARN_UNUSED_FUNCTION = YES;
				GCC_WARN_UNUSED_VARIABLE = YES;
				IPHONEOS_DEPLOYMENT_TARGET = 16.2;
				MTL_ENABLE_DEBUG_INFO = NO;
				MTL_FAST_MATH = YES;
				SDKROOT = iphoneos;
				SWIFT_COMPILATION_MODE = wholemodule;
				SWIFT_OPTIMIZATION_LEVEL = "-O";
				VALIDATE_PRODUCT = YES;
			};
			name = Release;
		};
		A9C7BE8B2991497700A9BB5D /* Debug */ = {
			isa = XCBuildConfiguration;
			buildSettings = {
				ASSETCATALOG_COMPILER_APPICON_NAME = AppIcon;
				ASSETCATALOG_COMPILER_GLOBAL_ACCENT_COLOR_NAME = AccentColor;
				CODE_SIGN_STYLE = Automatic;
				CURRENT_PROJECT_VERSION = 1;
				DEVELOPMENT_TEAM = 54R28VTTU4;
				GENERATE_INFOPLIST_FILE = YES;
				INFOPLIST_FILE = TasksTDD/SupportingFiles/Info.plist;
				INFOPLIST_KEY_UIApplicationSupportsIndirectInputEvents = YES;
				INFOPLIST_KEY_UILaunchStoryboardName = LaunchScreen;
				INFOPLIST_KEY_UIMainStoryboardFile = Main;
				INFOPLIST_KEY_UISupportedInterfaceOrientations_iPad = "UIInterfaceOrientationPortrait UIInterfaceOrientationPortraitUpsideDown UIInterfaceOrientationLandscapeLeft UIInterfaceOrientationLandscapeRight";
				INFOPLIST_KEY_UISupportedInterfaceOrientations_iPhone = "UIInterfaceOrientationPortrait UIInterfaceOrientationLandscapeLeft UIInterfaceOrientationLandscapeRight";
				LD_RUNPATH_SEARCH_PATHS = (
					"$(inherited)",
					"@executable_path/Frameworks",
				);
				MARKETING_VERSION = 1.0;
				PRODUCT_BUNDLE_IDENTIFIER = com.shchetnikovich.TasksTDD;
				PRODUCT_NAME = "$(TARGET_NAME)";
				SWIFT_EMIT_LOC_STRINGS = YES;
				SWIFT_VERSION = 5.0;
				TARGETED_DEVICE_FAMILY = "1,2";
			};
			name = Debug;
		};
		A9C7BE8C2991497700A9BB5D /* Release */ = {
			isa = XCBuildConfiguration;
			buildSettings = {
				ASSETCATALOG_COMPILER_APPICON_NAME = AppIcon;
				ASSETCATALOG_COMPILER_GLOBAL_ACCENT_COLOR_NAME = AccentColor;
				CODE_SIGN_STYLE = Automatic;
				CURRENT_PROJECT_VERSION = 1;
				DEVELOPMENT_TEAM = 54R28VTTU4;
				GENERATE_INFOPLIST_FILE = YES;
				INFOPLIST_FILE = TasksTDD/SupportingFiles/Info.plist;
				INFOPLIST_KEY_UIApplicationSupportsIndirectInputEvents = YES;
				INFOPLIST_KEY_UILaunchStoryboardName = LaunchScreen;
				INFOPLIST_KEY_UIMainStoryboardFile = Main;
				INFOPLIST_KEY_UISupportedInterfaceOrientations_iPad = "UIInterfaceOrientationPortrait UIInterfaceOrientationPortraitUpsideDown UIInterfaceOrientationLandscapeLeft UIInterfaceOrientationLandscapeRight";
				INFOPLIST_KEY_UISupportedInterfaceOrientations_iPhone = "UIInterfaceOrientationPortrait UIInterfaceOrientationLandscapeLeft UIInterfaceOrientationLandscapeRight";
				LD_RUNPATH_SEARCH_PATHS = (
					"$(inherited)",
					"@executable_path/Frameworks",
				);
				MARKETING_VERSION = 1.0;
				PRODUCT_BUNDLE_IDENTIFIER = com.shchetnikovich.TasksTDD;
				PRODUCT_NAME = "$(TARGET_NAME)";
				SWIFT_EMIT_LOC_STRINGS = YES;
				SWIFT_VERSION = 5.0;
				TARGETED_DEVICE_FAMILY = "1,2";
			};
			name = Release;
		};
		A9C7BE8E2991497700A9BB5D /* Debug */ = {
			isa = XCBuildConfiguration;
			buildSettings = {
				ALWAYS_EMBED_SWIFT_STANDARD_LIBRARIES = YES;
				BUNDLE_LOADER = "$(TEST_HOST)";
				CODE_SIGN_STYLE = Automatic;
				CURRENT_PROJECT_VERSION = 1;
				DEVELOPMENT_TEAM = 54R28VTTU4;
				GENERATE_INFOPLIST_FILE = YES;
				IPHONEOS_DEPLOYMENT_TARGET = 16.2;
				MARKETING_VERSION = 1.0;
				PRODUCT_BUNDLE_IDENTIFIER = com.shchetnikovich.TasksTDDTests;
				PRODUCT_NAME = "$(TARGET_NAME)";
				SWIFT_EMIT_LOC_STRINGS = NO;
				SWIFT_VERSION = 5.0;
				TARGETED_DEVICE_FAMILY = "1,2";
				TEST_HOST = "$(BUILT_PRODUCTS_DIR)/TasksTDD.app/$(BUNDLE_EXECUTABLE_FOLDER_PATH)/TasksTDD";
			};
			name = Debug;
		};
		A9C7BE8F2991497700A9BB5D /* Release */ = {
			isa = XCBuildConfiguration;
			buildSettings = {
				ALWAYS_EMBED_SWIFT_STANDARD_LIBRARIES = YES;
				BUNDLE_LOADER = "$(TEST_HOST)";
				CODE_SIGN_STYLE = Automatic;
				CURRENT_PROJECT_VERSION = 1;
				DEVELOPMENT_TEAM = 54R28VTTU4;
				GENERATE_INFOPLIST_FILE = YES;
				IPHONEOS_DEPLOYMENT_TARGET = 16.2;
				MARKETING_VERSION = 1.0;
				PRODUCT_BUNDLE_IDENTIFIER = com.shchetnikovich.TasksTDDTests;
				PRODUCT_NAME = "$(TARGET_NAME)";
				SWIFT_EMIT_LOC_STRINGS = NO;
				SWIFT_VERSION = 5.0;
				TARGETED_DEVICE_FAMILY = "1,2";
				TEST_HOST = "$(BUILT_PRODUCTS_DIR)/TasksTDD.app/$(BUNDLE_EXECUTABLE_FOLDER_PATH)/TasksTDD";
			};
			name = Release;
		};
		A9C7BE912991497700A9BB5D /* Debug */ = {
			isa = XCBuildConfiguration;
			buildSettings = {
				ALWAYS_EMBED_SWIFT_STANDARD_LIBRARIES = YES;
				CODE_SIGN_STYLE = Automatic;
				CURRENT_PROJECT_VERSION = 1;
				DEVELOPMENT_TEAM = 54R28VTTU4;
				GENERATE_INFOPLIST_FILE = YES;
				MARKETING_VERSION = 1.0;
				PRODUCT_BUNDLE_IDENTIFIER = com.shchetnikovich.TasksTDDUITests;
				PRODUCT_NAME = "$(TARGET_NAME)";
				SWIFT_EMIT_LOC_STRINGS = NO;
				SWIFT_VERSION = 5.0;
				TARGETED_DEVICE_FAMILY = "1,2";
				TEST_TARGET_NAME = TasksTDD;
			};
			name = Debug;
		};
		A9C7BE922991497700A9BB5D /* Release */ = {
			isa = XCBuildConfiguration;
			buildSettings = {
				ALWAYS_EMBED_SWIFT_STANDARD_LIBRARIES = YES;
				CODE_SIGN_STYLE = Automatic;
				CURRENT_PROJECT_VERSION = 1;
				DEVELOPMENT_TEAM = 54R28VTTU4;
				GENERATE_INFOPLIST_FILE = YES;
				MARKETING_VERSION = 1.0;
				PRODUCT_BUNDLE_IDENTIFIER = com.shchetnikovich.TasksTDDUITests;
				PRODUCT_NAME = "$(TARGET_NAME)";
				SWIFT_EMIT_LOC_STRINGS = NO;
				SWIFT_VERSION = 5.0;
				TARGETED_DEVICE_FAMILY = "1,2";
				TEST_TARGET_NAME = TasksTDD;
			};
			name = Release;
		};
/* End XCBuildConfiguration section */

/* Begin XCConfigurationList section */
		A9C7BE5B2991497600A9BB5D /* Build configuration list for PBXProject "TasksTDD" */ = {
			isa = XCConfigurationList;
			buildConfigurations = (
				A9C7BE882991497700A9BB5D /* Debug */,
				A9C7BE892991497700A9BB5D /* Release */,
			);
			defaultConfigurationIsVisible = 0;
			defaultConfigurationName = Release;
		};
		A9C7BE8A2991497700A9BB5D /* Build configuration list for PBXNativeTarget "TasksTDD" */ = {
			isa = XCConfigurationList;
			buildConfigurations = (
				A9C7BE8B2991497700A9BB5D /* Debug */,
				A9C7BE8C2991497700A9BB5D /* Release */,
			);
			defaultConfigurationIsVisible = 0;
			defaultConfigurationName = Release;
		};
		A9C7BE8D2991497700A9BB5D /* Build configuration list for PBXNativeTarget "TasksTDDTests" */ = {
			isa = XCConfigurationList;
			buildConfigurations = (
				A9C7BE8E2991497700A9BB5D /* Debug */,
				A9C7BE8F2991497700A9BB5D /* Release */,
			);
			defaultConfigurationIsVisible = 0;
			defaultConfigurationName = Release;
		};
		A9C7BE902991497700A9BB5D /* Build configuration list for PBXNativeTarget "TasksTDDUITests" */ = {
			isa = XCConfigurationList;
			buildConfigurations = (
				A9C7BE912991497700A9BB5D /* Debug */,
				A9C7BE922991497700A9BB5D /* Release */,
			);
			defaultConfigurationIsVisible = 0;
			defaultConfigurationName = Release;
		};
/* End XCConfigurationList section */
	};
	rootObject = A9C7BE582991497600A9BB5D /* Project object */;
}
